<?xml version="1.0" encoding="utf-8"?>
<Project ToolsVersion="4.0" xmlns="http://schemas.microsoft.com/developer/msbuild/2003">
  <ItemGroup>
    <Filter Include="Source Files">
      <UniqueIdentifier>{4FC737F1-C7A5-4376-A066-2A32D752A2FF}</UniqueIdentifier>
      <Extensions>cpp;c;cc;cxx;def;odl;idl;hpj;bat;asm;asmx</Extensions>
    </Filter>
    <Filter Include="Header Files">
      <UniqueIdentifier>{93995380-89BD-4b04-88EB-625FBE52EBFB}</UniqueIdentifier>
      <Extensions>h;hh;hpp;hxx;hm;inl;inc;xsd</Extensions>
    </Filter>
    <Filter Include="Resource Files">
      <UniqueIdentifier>{67DA6AB6-F800-4c08-8B7A-83BB121AAD01}</UniqueIdentifier>
      <Extensions>rc;ico;cur;bmp;dlg;rc2;rct;bin;rgs;gif;jpg;jpeg;jpe;resx;tiff;tif;png;wav;mfcribbon-ms</Extensions>
    </Filter>
    <Filter Include="Source Files\GeeksforGeeks">
      <UniqueIdentifier>{4af8b50c-7a38-4c06-9868-4761c7a839c7}</UniqueIdentifier>
    </Filter>
    <Filter Include="Header Files\GeeksforGeeks">
      <UniqueIdentifier>{fd5ae0ed-68ce-4d93-a0fb-f07207720137}</UniqueIdentifier>
    </Filter>
    <Filter Include="Header Files\CTCI">
      <UniqueIdentifier>{ebdff7ec-054a-49fb-a22a-ccbceec18747}</UniqueIdentifier>
    </Filter>
    <Filter Include="Source Files\CTCI">
      <UniqueIdentifier>{a996a481-e094-4f2b-bd38-a5efedcd7157}</UniqueIdentifier>
    </Filter>
    <Filter Include="Source Files\ArchieMD_Test">
      <UniqueIdentifier>{13dfe961-c7ba-4fe5-92d8-466c92318b85}</UniqueIdentifier>
    </Filter>
    <Filter Include="Header Files\ArchieMD_Test">
      <UniqueIdentifier>{4b1812e8-01bd-44c5-b681-fce83bcf0e40}</UniqueIdentifier>
    </Filter>
  </ItemGroup>
  <ItemGroup>
    <ClCompile Include="main.cpp" />
    <ClCompile Include="CTCI\Sen_Ch12_CppTest.cpp">
      <Filter>Source Files\CTCI</Filter>
    </ClCompile>
    <ClCompile Include="GeeksforGeeks\Sen_StringArrayTop10.cpp">
      <Filter>Source Files\GeeksforGeeks</Filter>
    </ClCompile>
    <ClCompile Include="GeeksforGeeks\Sen_LinkedListTop10.cpp">
      <Filter>Source Files\GeeksforGeeks</Filter>
    </ClCompile>
    <ClCompile Include="ArchieMD_Test\Employee.cpp">
      <Filter>Source Files\ArchieMD_Test</Filter>
    </ClCompile>
    <ClCompile Include="ArchieMD_Test\Person.cpp">
      <Filter>Source Files\ArchieMD_Test</Filter>
    </ClCompile>
  </ItemGroup>
  <ItemGroup>
    <ClInclude Include="CTCI\Sen_Ch12_CppTest.h">
      <Filter>Header Files\CTCI</Filter>
    </ClInclude>
    <ClInclude Include="GeeksforGeeks\Sen_StringArrayTop10.h">
      <Filter>Header Files\GeeksforGeeks</Filter>
    </ClInclude>
    <ClInclude Include="GeeksforGeeks\Sen_LinkedListTop10.h">
      <Filter>Header Files\GeeksforGeeks</Filter>
    </ClInclude>
    <ClInclude Include="ArchieMD_Test\Person.h">
      <Filter>Header Files\ArchieMD_Test</Filter>
    </ClInclude>
    <ClInclude Include="ArchieMD_Test\Employee.h">
      <Filter>Header Files\ArchieMD_Test</Filter>
    </ClInclude>
  </ItemGroup>
</Project>