<?xml version="1.0" encoding="utf-8"?>
<Project ToolsVersion="4.0" xmlns="http://schemas.microsoft.com/developer/msbuild/2003">
  <ItemGroup>
    <Filter Include="Source Files">
      <UniqueIdentifier>{4FC737F1-C7A5-4376-A066-2A32D752A2FF}</UniqueIdentifier>
      <Extensions>cpp;c;cc;cxx;def;odl;idl;hpj;bat;asm;asmx</Extensions>
    </Filter>
    <Filter Include="Header Files">
      <UniqueIdentifier>{93995380-89BD-4b04-88EB-625FBE52EBFB}</UniqueIdentifier>
      <Extensions>h;hh;hpp;hxx;hm;inl;inc;ipp;xsd</Extensions>
    </Filter>
    <Filter Include="Header Files\SolutionManual">
      <UniqueIdentifier>{3038e51b-b6b3-4589-a8ed-a8093f164ac2}</UniqueIdentifier>
    </Filter>
    <Filter Include="Source Files\SolutionManual">
      <UniqueIdentifier>{1c0dfe83-d3ca-4fad-adcc-358f255fa1b5}</UniqueIdentifier>
    </Filter>
    <Filter Include="Header Files\Codility">
      <UniqueIdentifier>{ffd38a26-2f31-4057-83d9-febce9495d1b}</UniqueIdentifier>
    </Filter>
    <Filter Include="Source Files\Codility">
      <UniqueIdentifier>{40d9693c-442d-459c-a64d-90fa2fe79ac1}</UniqueIdentifier>
    </Filter>
  </ItemGroup>
  <ItemGroup>
    <ClInclude Include="pch.h">
      <Filter>Header Files</Filter>
    </ClInclude>
    <ClInclude Include="Codility\CodilityTest.h">
      <Filter>Header Files\Codility</Filter>
    </ClInclude>
    <ClInclude Include="SolutionManual\CISolutionManual.h">
      <Filter>Header Files\SolutionManual</Filter>
    </ClInclude>
  </ItemGroup>
  <ItemGroup>
    <ClCompile Include="pch.cpp">
      <Filter>Source Files</Filter>
    </ClCompile>
    <ClCompile Include="SLCodingTest.cpp">
      <Filter>Source Files</Filter>
    </ClCompile>
    <ClCompile Include="Codility\CodilityTest.cpp">
      <Filter>Source Files\Codility</Filter>
    </ClCompile>
    <ClCompile Include="SolutionManual\CISolutionManual.cpp">
      <Filter>Source Files\SolutionManual</Filter>
    </ClCompile>
  </ItemGroup>
</Project>